
Microsoft Visual Studio Solution File, Format Version 12.00
# Visual Studio Version 16
VisualStudioVersion = 16.0.29509.3
MinimumVisualStudioVersion = 10.0.40219.1
Project("{2150E333-8FDC-42A3-9474-1A3956D46DE8}") = "src", "src", "{3D8C169B-B92C-40FA-AB81-E32BFDB2EF92}"
EndProject
Project("{2150E333-8FDC-42A3-9474-1A3956D46DE8}") = "Services", "Services", "{DFF5DA26-3721-46F7-93F9-FC8A583CFE4E}"
EndProject
Project("{2150E333-8FDC-42A3-9474-1A3956D46DE8}") = "Web", "Web", "{0208BE16-03CD-4AA6-8647-FA0B369A8E6E}"
EndProject
Project("{2150E333-8FDC-42A3-9474-1A3956D46DE8}") = "Building Blocks", "Building Blocks", "{CDD1428C-3EBE-40E8-B07B-1C6766C8C853}"
EndProject
Project("{2150E333-8FDC-42A3-9474-1A3956D46DE8}") = "Identidade", "Identidade", "{A6A55462-5F3C-4502-A892-90EDC81A8C69}"
EndProject
Project("{9A19103F-16F7-4668-BE54-9A1E7A4F7556}") = "NSE.Identidade.API", "src\services\NSE.Identidade.API\NSE.Identidade.API.csproj", "{D36E7AE2-FAE2-4C9A-8B8B-028627E84AB7}"
EndProject
Project("{2150E333-8FDC-42A3-9474-1A3956D46DE8}") = "MVC", "MVC", "{4F3B9CA1-D64E-4B4B-ADB0-88CCBFC77298}"
EndProject
Project("{9A19103F-16F7-4668-BE54-9A1E7A4F7556}") = "NSE.WebApp.MVC", "src\web\NSE.WebApp.MVC\NSE.WebApp.MVC.csproj", "{2ABD10F4-9CC7-4B70-9CD2-253C5D725F80}"
EndProject
Project("{2150E333-8FDC-42A3-9474-1A3956D46DE8}") = "Core", "Core", "{0964364A-1919-45E2-90AA-0738955E07CF}"
EndProject
Project("{9A19103F-16F7-4668-BE54-9A1E7A4F7556}") = "NSE.Core", "src\building blocks\NSE.Core\NSE.Core.csproj", "{9E755836-2295-4850-9EA5-A6EE68CCD9D5}"
EndProject
Project("{9A19103F-16F7-4668-BE54-9A1E7A4F7556}") = "NSE.Carrinho.API", "src\services\NSE.Carrinho.API\NSE.Carrinho.API\NSE.Carrinho.API.csproj", "{8F073227-B2E0-4A69-B10E-944D274AF653}"
EndProject
Project("{2150E333-8FDC-42A3-9474-1A3956D46DE8}") = "Carrinho", "Carrinho", "{1799704A-83E1-4625-9F38-AC6282983EFE}"
EndProject
Project("{2150E333-8FDC-42A3-9474-1A3956D46DE8}") = "Catalogo", "Catalogo", "{3AEB11B8-EC56-479A-8B1F-D78BAA306F90}"
EndProject
Project("{9A19103F-16F7-4668-BE54-9A1E7A4F7556}") = "NSE.Catalogo.API", "src\services\NSE.Catalogo.API\NSE.Catalogo.API\NSE.Catalogo.API.csproj", "{F4C7E512-C33A-4ED4-9234-F939C8832B2D}"
EndProject
Project("{2150E333-8FDC-42A3-9474-1A3956D46DE8}") = "Cliente", "Cliente", "{D43A0A75-80B8-4234-B8EE-A45BBB2FBEC8}"
	ProjectSection(SolutionItems) = preProject
		C:\Users\caior\AppData\Local\Temp\Rar$DRa21240.37044\src\services\NSE.Clientes.API\appsettings.Development.json = C:\Users\caior\AppData\Local\Temp\Rar$DRa21240.37044\src\services\NSE.Clientes.API\appsettings.Development.json
		C:\Users\caior\AppData\Local\Temp\Rar$DRa21240.37044\src\services\NSE.Clientes.API\appsettings.json = C:\Users\caior\AppData\Local\Temp\Rar$DRa21240.37044\src\services\NSE.Clientes.API\appsettings.json
	EndProjectSection
EndProject
Project("{9A19103F-16F7-4668-BE54-9A1E7A4F7556}") = "NSE.Cliente.API", "src\services\NSE.Cliente.API\NSE.Cliente.API\NSE.Cliente.API.csproj", "{B2DE7ECC-E6BE-4AF7-B140-E99D00E25DBE}"
EndProject
Project("{2150E333-8FDC-42A3-9474-1A3956D46DE8}") = "Pagamento", "Pagamento", "{12638D47-FEF6-4775-B0CB-99CC2717B5C4}"
EndProject
Project("{9A19103F-16F7-4668-BE54-9A1E7A4F7556}") = "NSE.Pagamento.API", "src\services\NSE.Pagamento.API\NSE.Pagamento.API\NSE.Pagamento.API.csproj", "{E6579A90-7F59-4211-8597-0DDD3068E033}"
EndProject
Project("{2150E333-8FDC-42A3-9474-1A3956D46DE8}") = "Pedido", "Pedido", "{918BB6D3-10D9-4374-B39B-F3EF307FD73A}"
EndProject
Project("{9A19103F-16F7-4668-BE54-9A1E7A4F7556}") = "NSE.Pedido.API", "src\services\NSE.Pedido.API\NSE.Pedido.API\NSE.Pedido.API.csproj", "{F9A58B3E-A583-46A7-8678-CD3BF1F557D9}"
EndProject
Project("{2150E333-8FDC-42A3-9474-1A3956D46DE8}") = "Services", "Services", "{B6D57CC4-1522-450A-9ED5-AF4FE8605443}"
EndProject
Project("{9A19103F-16F7-4668-BE54-9A1E7A4F7556}") = "NSE.WebAPI.Core", "NSE.WebAPI.Core\NSE.WebAPI.Core.csproj", "{8D398C67-894E-497F-A59A-8DEA61BD1101}"
EndProject
Global
	GlobalSection(SolutionConfigurationPlatforms) = preSolution
		Debug|Any CPU = Debug|Any CPU
		Release|Any CPU = Release|Any CPU
	EndGlobalSection
	GlobalSection(ProjectConfigurationPlatforms) = postSolution
		{D36E7AE2-FAE2-4C9A-8B8B-028627E84AB7}.Debug|Any CPU.ActiveCfg = Debug|Any CPU
		{D36E7AE2-FAE2-4C9A-8B8B-028627E84AB7}.Debug|Any CPU.Build.0 = Debug|Any CPU
		{D36E7AE2-FAE2-4C9A-8B8B-028627E84AB7}.Release|Any CPU.ActiveCfg = Release|Any CPU
		{D36E7AE2-FAE2-4C9A-8B8B-028627E84AB7}.Release|Any CPU.Build.0 = Release|Any CPU
		{2ABD10F4-9CC7-4B70-9CD2-253C5D725F80}.Debug|Any CPU.ActiveCfg = Debug|Any CPU
		{2ABD10F4-9CC7-4B70-9CD2-253C5D725F80}.Debug|Any CPU.Build.0 = Debug|Any CPU
		{2ABD10F4-9CC7-4B70-9CD2-253C5D725F80}.Release|Any CPU.ActiveCfg = Release|Any CPU
		{2ABD10F4-9CC7-4B70-9CD2-253C5D725F80}.Release|Any CPU.Build.0 = Release|Any CPU
		{9E755836-2295-4850-9EA5-A6EE68CCD9D5}.Debug|Any CPU.ActiveCfg = Debug|Any CPU
		{9E755836-2295-4850-9EA5-A6EE68CCD9D5}.Debug|Any CPU.Build.0 = Debug|Any CPU
		{9E755836-2295-4850-9EA5-A6EE68CCD9D5}.Release|Any CPU.ActiveCfg = Release|Any CPU
		{9E755836-2295-4850-9EA5-A6EE68CCD9D5}.Release|Any CPU.Build.0 = Release|Any CPU
		{8F073227-B2E0-4A69-B10E-944D274AF653}.Debug|Any CPU.ActiveCfg = Debug|Any CPU
		{8F073227-B2E0-4A69-B10E-944D274AF653}.Debug|Any CPU.Build.0 = Debug|Any CPU
		{8F073227-B2E0-4A69-B10E-944D274AF653}.Release|Any CPU.ActiveCfg = Release|Any CPU
		{8F073227-B2E0-4A69-B10E-944D274AF653}.Release|Any CPU.Build.0 = Release|Any CPU
		{F4C7E512-C33A-4ED4-9234-F939C8832B2D}.Debug|Any CPU.ActiveCfg = Debug|Any CPU
		{F4C7E512-C33A-4ED4-9234-F939C8832B2D}.Debug|Any CPU.Build.0 = Debug|Any CPU
		{F4C7E512-C33A-4ED4-9234-F939C8832B2D}.Release|Any CPU.ActiveCfg = Release|Any CPU
		{F4C7E512-C33A-4ED4-9234-F939C8832B2D}.Release|Any CPU.Build.0 = Release|Any CPU
		{B2DE7ECC-E6BE-4AF7-B140-E99D00E25DBE}.Debug|Any CPU.ActiveCfg = Debug|Any CPU
		{B2DE7ECC-E6BE-4AF7-B140-E99D00E25DBE}.Debug|Any CPU.Build.0 = Debug|Any CPU
		{B2DE7ECC-E6BE-4AF7-B140-E99D00E25DBE}.Release|Any CPU.ActiveCfg = Release|Any CPU
		{B2DE7ECC-E6BE-4AF7-B140-E99D00E25DBE}.Release|Any CPU.Build.0 = Release|Any CPU
		{E6579A90-7F59-4211-8597-0DDD3068E033}.Debug|Any CPU.ActiveCfg = Debug|Any CPU
		{E6579A90-7F59-4211-8597-0DDD3068E033}.Debug|Any CPU.Build.0 = Debug|Any CPU
		{E6579A90-7F59-4211-8597-0DDD3068E033}.Release|Any CPU.ActiveCfg = Release|Any CPU
		{E6579A90-7F59-4211-8597-0DDD3068E033}.Release|Any CPU.Build.0 = Release|Any CPU
		{F9A58B3E-A583-46A7-8678-CD3BF1F557D9}.Debug|Any CPU.ActiveCfg = Debug|Any CPU
		{F9A58B3E-A583-46A7-8678-CD3BF1F557D9}.Debug|Any CPU.Build.0 = Debug|Any CPU
		{F9A58B3E-A583-46A7-8678-CD3BF1F557D9}.Release|Any CPU.ActiveCfg = Release|Any CPU
		{F9A58B3E-A583-46A7-8678-CD3BF1F557D9}.Release|Any CPU.Build.0 = Release|Any CPU
		{8D398C67-894E-497F-A59A-8DEA61BD1101}.Debug|Any CPU.ActiveCfg = Debug|Any CPU
		{8D398C67-894E-497F-A59A-8DEA61BD1101}.Debug|Any CPU.Build.0 = Debug|Any CPU
		{8D398C67-894E-497F-A59A-8DEA61BD1101}.Release|Any CPU.ActiveCfg = Release|Any CPU
		{8D398C67-894E-497F-A59A-8DEA61BD1101}.Release|Any CPU.Build.0 = Release|Any CPU
	EndGlobalSection
	GlobalSection(SolutionProperties) = preSolution
		HideSolutionNode = FALSE
	EndGlobalSection
	GlobalSection(NestedProjects) = preSolution
		{DFF5DA26-3721-46F7-93F9-FC8A583CFE4E} = {3D8C169B-B92C-40FA-AB81-E32BFDB2EF92}
		{0208BE16-03CD-4AA6-8647-FA0B369A8E6E} = {3D8C169B-B92C-40FA-AB81-E32BFDB2EF92}
		{CDD1428C-3EBE-40E8-B07B-1C6766C8C853} = {3D8C169B-B92C-40FA-AB81-E32BFDB2EF92}
		{A6A55462-5F3C-4502-A892-90EDC81A8C69} = {DFF5DA26-3721-46F7-93F9-FC8A583CFE4E}
		{D36E7AE2-FAE2-4C9A-8B8B-028627E84AB7} = {A6A55462-5F3C-4502-A892-90EDC81A8C69}
		{4F3B9CA1-D64E-4B4B-ADB0-88CCBFC77298} = {0208BE16-03CD-4AA6-8647-FA0B369A8E6E}
		{2ABD10F4-9CC7-4B70-9CD2-253C5D725F80} = {4F3B9CA1-D64E-4B4B-ADB0-88CCBFC77298}
		{0964364A-1919-45E2-90AA-0738955E07CF} = {CDD1428C-3EBE-40E8-B07B-1C6766C8C853}
		{9E755836-2295-4850-9EA5-A6EE68CCD9D5} = {0964364A-1919-45E2-90AA-0738955E07CF}
		{8F073227-B2E0-4A69-B10E-944D274AF653} = {1799704A-83E1-4625-9F38-AC6282983EFE}
		{1799704A-83E1-4625-9F38-AC6282983EFE} = {DFF5DA26-3721-46F7-93F9-FC8A583CFE4E}
		{3AEB11B8-EC56-479A-8B1F-D78BAA306F90} = {DFF5DA26-3721-46F7-93F9-FC8A583CFE4E}
		{F4C7E512-C33A-4ED4-9234-F939C8832B2D} = {3AEB11B8-EC56-479A-8B1F-D78BAA306F90}
		{D43A0A75-80B8-4234-B8EE-A45BBB2FBEC8} = {DFF5DA26-3721-46F7-93F9-FC8A583CFE4E}
		{B2DE7ECC-E6BE-4AF7-B140-E99D00E25DBE} = {D43A0A75-80B8-4234-B8EE-A45BBB2FBEC8}
		{12638D47-FEF6-4775-B0CB-99CC2717B5C4} = {DFF5DA26-3721-46F7-93F9-FC8A583CFE4E}
		{E6579A90-7F59-4211-8597-0DDD3068E033} = {12638D47-FEF6-4775-B0CB-99CC2717B5C4}
		{918BB6D3-10D9-4374-B39B-F3EF307FD73A} = {DFF5DA26-3721-46F7-93F9-FC8A583CFE4E}
		{F9A58B3E-A583-46A7-8678-CD3BF1F557D9} = {918BB6D3-10D9-4374-B39B-F3EF307FD73A}
		{B6D57CC4-1522-450A-9ED5-AF4FE8605443} = {CDD1428C-3EBE-40E8-B07B-1C6766C8C853}
		{8D398C67-894E-497F-A59A-8DEA61BD1101} = {B6D57CC4-1522-450A-9ED5-AF4FE8605443}
	EndGlobalSection
	GlobalSection(ExtensibilityGlobals) = postSolution
		SolutionGuid = {7710AC13-15BB-4922-A862-7355B36D39A4}
	EndGlobalSection
EndGlobal
