
Microsoft Visual Studio Solution File, Format Version 12.00
# Visual Studio Version 16
VisualStudioVersion = 16.0.29509.3
MinimumVisualStudioVersion = 10.0.40219.1
Project("{2150E333-8FDC-42A3-9474-1A3956D46DE8}") = "src", "src", "{3D8C169B-B92C-40FA-AB81-E32BFDB2EF92}"
EndProject
Project("{2150E333-8FDC-42A3-9474-1A3956D46DE8}") = "Services", "Services", "{DFF5DA26-3721-46F7-93F9-FC8A583CFE4E}"
EndProject
Project("{2150E333-8FDC-42A3-9474-1A3956D46DE8}") = "Web", "Web", "{0208BE16-03CD-4AA6-8647-FA0B369A8E6E}"
EndProject
Project("{2150E333-8FDC-42A3-9474-1A3956D46DE8}") = "Building Blocks", "Building Blocks", "{CDD1428C-3EBE-40E8-B07B-1C6766C8C853}"
EndProject
Project("{2150E333-8FDC-42A3-9474-1A3956D46DE8}") = "Identidade", "Identidade", "{A6A55462-5F3C-4502-A892-90EDC81A8C69}"
EndProject
Project("{FAE04EC0-301F-11D3-BF4B-00C04F79EFBC}") = "NSE.Identidade.API", "src\services\NSE.Identidade.API\NSE.Identidade.API.csproj", "{D36E7AE2-FAE2-4C9A-8B8B-028627E84AB7}"
EndProject
Project("{2150E333-8FDC-42A3-9474-1A3956D46DE8}") = "MVC", "MVC", "{4F3B9CA1-D64E-4B4B-ADB0-88CCBFC77298}"
EndProject
Project("{FAE04EC0-301F-11D3-BF4B-00C04F79EFBC}") = "NSE.WebApp.MVC", "src\web\NSE.WebApp.MVC\NSE.WebApp.MVC.csproj", "{2ABD10F4-9CC7-4B70-9CD2-253C5D725F80}"
EndProject
Project("{2150E333-8FDC-42A3-9474-1A3956D46DE8}") = "Core", "Core", "{0964364A-1919-45E2-90AA-0738955E07CF}"
EndProject
Project("{FAE04EC0-301F-11D3-BF4B-00C04F79EFBC}") = "NSE.Core", "src\building blocks\NSE.Core\NSE.Core.csproj", "{9E755836-2295-4850-9EA5-A6EE68CCD9D5}"
EndProject
Global
	GlobalSection(SolutionConfigurationPlatforms) = preSolution
		Debug|Any CPU = Debug|Any CPU
		Release|Any CPU = Release|Any CPU
	EndGlobalSection
	GlobalSection(ProjectConfigurationPlatforms) = postSolution
		{D36E7AE2-FAE2-4C9A-8B8B-028627E84AB7}.Debug|Any CPU.ActiveCfg = Debug|Any CPU
		{D36E7AE2-FAE2-4C9A-8B8B-028627E84AB7}.Debug|Any CPU.Build.0 = Debug|Any CPU
		{D36E7AE2-FAE2-4C9A-8B8B-028627E84AB7}.Release|Any CPU.ActiveCfg = Release|Any CPU
		{D36E7AE2-FAE2-4C9A-8B8B-028627E84AB7}.Release|Any CPU.Build.0 = Release|Any CPU
		{2ABD10F4-9CC7-4B70-9CD2-253C5D725F80}.Debug|Any CPU.ActiveCfg = Debug|Any CPU
		{2ABD10F4-9CC7-4B70-9CD2-253C5D725F80}.Debug|Any CPU.Build.0 = Debug|Any CPU
		{2ABD10F4-9CC7-4B70-9CD2-253C5D725F80}.Release|Any CPU.ActiveCfg = Release|Any CPU
		{2ABD10F4-9CC7-4B70-9CD2-253C5D725F80}.Release|Any CPU.Build.0 = Release|Any CPU
		{9E755836-2295-4850-9EA5-A6EE68CCD9D5}.Debug|Any CPU.ActiveCfg = Debug|Any CPU
		{9E755836-2295-4850-9EA5-A6EE68CCD9D5}.Debug|Any CPU.Build.0 = Debug|Any CPU
		{9E755836-2295-4850-9EA5-A6EE68CCD9D5}.Release|Any CPU.ActiveCfg = Release|Any CPU
		{9E755836-2295-4850-9EA5-A6EE68CCD9D5}.Release|Any CPU.Build.0 = Release|Any CPU
	EndGlobalSection
	GlobalSection(SolutionProperties) = preSolution
		HideSolutionNode = FALSE
	EndGlobalSection
	GlobalSection(NestedProjects) = preSolution
		{DFF5DA26-3721-46F7-93F9-FC8A583CFE4E} = {3D8C169B-B92C-40FA-AB81-E32BFDB2EF92}
		{0208BE16-03CD-4AA6-8647-FA0B369A8E6E} = {3D8C169B-B92C-40FA-AB81-E32BFDB2EF92}
		{CDD1428C-3EBE-40E8-B07B-1C6766C8C853} = {3D8C169B-B92C-40FA-AB81-E32BFDB2EF92}
		{A6A55462-5F3C-4502-A892-90EDC81A8C69} = {DFF5DA26-3721-46F7-93F9-FC8A583CFE4E}
		{D36E7AE2-FAE2-4C9A-8B8B-028627E84AB7} = {A6A55462-5F3C-4502-A892-90EDC81A8C69}
		{4F3B9CA1-D64E-4B4B-ADB0-88CCBFC77298} = {0208BE16-03CD-4AA6-8647-FA0B369A8E6E}
		{2ABD10F4-9CC7-4B70-9CD2-253C5D725F80} = {4F3B9CA1-D64E-4B4B-ADB0-88CCBFC77298}
		{0964364A-1919-45E2-90AA-0738955E07CF} = {CDD1428C-3EBE-40E8-B07B-1C6766C8C853}
		{9E755836-2295-4850-9EA5-A6EE68CCD9D5} = {0964364A-1919-45E2-90AA-0738955E07CF}
	EndGlobalSection
	GlobalSection(ExtensibilityGlobals) = postSolution
		SolutionGuid = {7710AC13-15BB-4922-A862-7355B36D39A4}
	EndGlobalSection
EndGlobal
